
Microsoft Visual Studio Solution File, Format Version 12.00
# Visual Studio Express 2012 for Windows Desktop
Project("{FAE04EC0-301F-11D3-BF4B-00C04F79EFBC}") = "Gem elements", "Gem elements\Gem elements\Gem elements.csproj", "{20E83D63-6144-44CF-AA5E-C0A50C76CA11}"
EndProject
Project("{FAE04EC0-301F-11D3-BF4B-00C04F79EFBC}") = "Halloween Party", "Halloween Party\Halloween Party\Halloween Party.csproj", "{E2FE07C4-5C6F-4B96-B8FC-BF96A338C9DD}"
EndProject
Project("{FAE04EC0-301F-11D3-BF4B-00C04F79EFBC}") = "LoveLetter", "LoveLetter\LoveLetter\LoveLetter.csproj", "{F417B4CD-B581-4EA7-8964-850C12086F4F}"
EndProject
Project("{FAE04EC0-301F-11D3-BF4B-00C04F79EFBC}") = "Cut the Sticks", "Cut the Sticks\Cut the Sticks.csproj", "{CEBAF689-5162-4126-AFBA-16DC6C60CAA6}"
EndProject
Project("{FAE04EC0-301F-11D3-BF4B-00C04F79EFBC}") = "Service lane", "Service lane\Service lane\Service lane.csproj", "{B3107EAF-CE19-4A61-8A4F-2F6D6395E74B}"
EndProject
Project("{FAE04EC0-301F-11D3-BF4B-00C04F79EFBC}") = "Utopian Tree", "Utopian Tree\Utopian Tree\Utopian Tree.csproj", "{48A0DBBC-C5E5-43FC-839D-3EBD12D77E54}"
EndProject
Project("{FAE04EC0-301F-11D3-BF4B-00C04F79EFBC}") = "ACM ICPC Team", "ACM ICPC Team\ACM ICPC Team.csproj", "{43802712-7C72-49F5-A245-BF3F4F191932}"
EndProject
Project("{FAE04EC0-301F-11D3-BF4B-00C04F79EFBC}") = "Warmup - Maximizing XOR", "Warming up - Maximizing XOR\Warmup - Maximizing XOR.csproj", "{0D82CE84-F448-45F7-9AD9-4805DDBCC4FC}"
EndProject
Project("{FAE04EC0-301F-11D3-BF4B-00C04F79EFBC}") = "Warmup - Game of Thrones I", "Warmup - Game of Thrones I\Warmup - Game of Thrones I.csproj", "{4DEB31E4-A695-47C8-BEDC-4AF6E90FF5AE}"
EndProject
Project("{FAE04EC0-301F-11D3-BF4B-00C04F79EFBC}") = "Warmup - Sherlock and Squares", "Warmup - Sherlock and Squares\Warmup - Sherlock and Squares.csproj", "{9385FF56-50B6-4B6A-9D61-06A058A042AB}"
EndProject
Global
	GlobalSection(SolutionConfigurationPlatforms) = preSolution
		Debug|Any CPU = Debug|Any CPU
		Release|Any CPU = Release|Any CPU
	EndGlobalSection
	GlobalSection(ProjectConfigurationPlatforms) = postSolution
		{20E83D63-6144-44CF-AA5E-C0A50C76CA11}.Debug|Any CPU.ActiveCfg = Debug|Any CPU
		{20E83D63-6144-44CF-AA5E-C0A50C76CA11}.Debug|Any CPU.Build.0 = Debug|Any CPU
		{20E83D63-6144-44CF-AA5E-C0A50C76CA11}.Release|Any CPU.ActiveCfg = Release|Any CPU
		{20E83D63-6144-44CF-AA5E-C0A50C76CA11}.Release|Any CPU.Build.0 = Release|Any CPU
		{E2FE07C4-5C6F-4B96-B8FC-BF96A338C9DD}.Debug|Any CPU.ActiveCfg = Debug|Any CPU
		{E2FE07C4-5C6F-4B96-B8FC-BF96A338C9DD}.Debug|Any CPU.Build.0 = Debug|Any CPU
		{E2FE07C4-5C6F-4B96-B8FC-BF96A338C9DD}.Release|Any CPU.ActiveCfg = Release|Any CPU
		{E2FE07C4-5C6F-4B96-B8FC-BF96A338C9DD}.Release|Any CPU.Build.0 = Release|Any CPU
		{F417B4CD-B581-4EA7-8964-850C12086F4F}.Debug|Any CPU.ActiveCfg = Debug|Any CPU
		{F417B4CD-B581-4EA7-8964-850C12086F4F}.Debug|Any CPU.Build.0 = Debug|Any CPU
		{F417B4CD-B581-4EA7-8964-850C12086F4F}.Release|Any CPU.ActiveCfg = Release|Any CPU
		{F417B4CD-B581-4EA7-8964-850C12086F4F}.Release|Any CPU.Build.0 = Release|Any CPU
		{CEBAF689-5162-4126-AFBA-16DC6C60CAA6}.Debug|Any CPU.ActiveCfg = Debug|Any CPU
		{CEBAF689-5162-4126-AFBA-16DC6C60CAA6}.Debug|Any CPU.Build.0 = Debug|Any CPU
		{CEBAF689-5162-4126-AFBA-16DC6C60CAA6}.Release|Any CPU.ActiveCfg = Release|Any CPU
		{CEBAF689-5162-4126-AFBA-16DC6C60CAA6}.Release|Any CPU.Build.0 = Release|Any CPU
		{B3107EAF-CE19-4A61-8A4F-2F6D6395E74B}.Debug|Any CPU.ActiveCfg = Debug|Any CPU
		{B3107EAF-CE19-4A61-8A4F-2F6D6395E74B}.Debug|Any CPU.Build.0 = Debug|Any CPU
		{B3107EAF-CE19-4A61-8A4F-2F6D6395E74B}.Release|Any CPU.ActiveCfg = Release|Any CPU
		{B3107EAF-CE19-4A61-8A4F-2F6D6395E74B}.Release|Any CPU.Build.0 = Release|Any CPU
		{48A0DBBC-C5E5-43FC-839D-3EBD12D77E54}.Debug|Any CPU.ActiveCfg = Debug|Any CPU
		{48A0DBBC-C5E5-43FC-839D-3EBD12D77E54}.Debug|Any CPU.Build.0 = Debug|Any CPU
		{48A0DBBC-C5E5-43FC-839D-3EBD12D77E54}.Release|Any CPU.ActiveCfg = Release|Any CPU
		{48A0DBBC-C5E5-43FC-839D-3EBD12D77E54}.Release|Any CPU.Build.0 = Release|Any CPU
		{43802712-7C72-49F5-A245-BF3F4F191932}.Debug|Any CPU.ActiveCfg = Debug|Any CPU
		{43802712-7C72-49F5-A245-BF3F4F191932}.Debug|Any CPU.Build.0 = Debug|Any CPU
		{43802712-7C72-49F5-A245-BF3F4F191932}.Release|Any CPU.ActiveCfg = Release|Any CPU
		{43802712-7C72-49F5-A245-BF3F4F191932}.Release|Any CPU.Build.0 = Release|Any CPU
		{0D82CE84-F448-45F7-9AD9-4805DDBCC4FC}.Debug|Any CPU.ActiveCfg = Debug|Any CPU
		{0D82CE84-F448-45F7-9AD9-4805DDBCC4FC}.Debug|Any CPU.Build.0 = Debug|Any CPU
		{0D82CE84-F448-45F7-9AD9-4805DDBCC4FC}.Release|Any CPU.ActiveCfg = Release|Any CPU
		{0D82CE84-F448-45F7-9AD9-4805DDBCC4FC}.Release|Any CPU.Build.0 = Release|Any CPU
		{4DEB31E4-A695-47C8-BEDC-4AF6E90FF5AE}.Debug|Any CPU.ActiveCfg = Debug|Any CPU
		{4DEB31E4-A695-47C8-BEDC-4AF6E90FF5AE}.Debug|Any CPU.Build.0 = Debug|Any CPU
		{4DEB31E4-A695-47C8-BEDC-4AF6E90FF5AE}.Release|Any CPU.ActiveCfg = Release|Any CPU
		{4DEB31E4-A695-47C8-BEDC-4AF6E90FF5AE}.Release|Any CPU.Build.0 = Release|Any CPU
		{9385FF56-50B6-4B6A-9D61-06A058A042AB}.Debug|Any CPU.ActiveCfg = Debug|Any CPU
		{9385FF56-50B6-4B6A-9D61-06A058A042AB}.Debug|Any CPU.Build.0 = Debug|Any CPU
		{9385FF56-50B6-4B6A-9D61-06A058A042AB}.Release|Any CPU.ActiveCfg = Release|Any CPU
		{9385FF56-50B6-4B6A-9D61-06A058A042AB}.Release|Any CPU.Build.0 = Release|Any CPU
	EndGlobalSection
	GlobalSection(SolutionProperties) = preSolution
		HideSolutionNode = FALSE
	EndGlobalSection
EndGlobal
